
Microsoft Visual Studio Solution File, Format Version 12.00
# Visual Studio Version 17
VisualStudioVersion = 17.4.33103.184
MinimumVisualStudioVersion = 10.0.40219.1
Project("{FAE04EC0-301F-11D3-BF4B-00C04F79EFBC}") = "NoTopLevel-有StartUp文件", "NoTopLevel-有StartUp文件\NoTopLevel-有StartUp文件.csproj", "{CBCA1234-399C-45D6-9BCF-4B89DC880B5B}"
EndProject
Global
	GlobalSection(SolutionConfigurationPlatforms) = preSolution
		Debug|Any CPU = Debug|Any CPU
		Release|Any CPU = Release|Any CPU
	EndGlobalSection
	GlobalSection(ProjectConfigurationPlatforms) = postSolution
		{CBCA1234-399C-45D6-9BCF-4B89DC880B5B}.Debug|Any CPU.ActiveCfg = Debug|Any CPU
		{CBCA1234-399C-45D6-9BCF-4B89DC880B5B}.Debug|Any CPU.Build.0 = Debug|Any CPU
		{CBCA1234-399C-45D6-9BCF-4B89DC880B5B}.Release|Any CPU.ActiveCfg = Release|Any CPU
		{CBCA1234-399C-45D6-9BCF-4B89DC880B5B}.Release|Any CPU.Build.0 = Release|Any CPU
	EndGlobalSection
	GlobalSection(SolutionProperties) = preSolution
		HideSolutionNode = FALSE
	EndGlobalSection
	GlobalSection(ExtensibilityGlobals) = postSolution
		SolutionGuid = {69BCA3AA-6CAF-456D-8FAE-CC02EFC2890F}
	EndGlobalSection
EndGlobal
